
Microsoft Visual Studio Solution File, Format Version 12.00
# Visual Studio Version 17
VisualStudioVersion = 17.14.36811.4 d17.14
MinimumVisualStudioVersion = 10.0.40219.1
Project("{FAE04EC0-301F-11D3-BF4B-00C04F79EFBC}") = "MVC_MachineTest", "MVC_MachineTest\MVC_MachineTest.csproj", "{765D7B81-2448-432F-95E1-CBB5615848F6}"
EndProject
Global
	GlobalSection(SolutionConfigurationPlatforms) = preSolution
		Debug|Any CPU = Debug|Any CPU
		Release|Any CPU = Release|Any CPU
	EndGlobalSection
	GlobalSection(ProjectConfigurationPlatforms) = postSolution
		{765D7B81-2448-432F-95E1-CBB5615848F6}.Debug|Any CPU.ActiveCfg = Debug|Any CPU
		{765D7B81-2448-432F-95E1-CBB5615848F6}.Debug|Any CPU.Build.0 = Debug|Any CPU
		{765D7B81-2448-432F-95E1-CBB5615848F6}.Release|Any CPU.ActiveCfg = Release|Any CPU
		{765D7B81-2448-432F-95E1-CBB5615848F6}.Release|Any CPU.Build.0 = Release|Any CPU
	EndGlobalSection
	GlobalSection(SolutionProperties) = preSolution
		HideSolutionNode = FALSE
	EndGlobalSection
	GlobalSection(ExtensibilityGlobals) = postSolution
		SolutionGuid = {4C53DBC5-6384-49C8-94CE-D74AA512A58C}
	EndGlobalSection
EndGlobal
